
Microsoft Visual Studio Solution File, Format Version 12.00
# Visual Studio Version 16
VisualStudioVersion = 16.0.29509.3
MinimumVisualStudioVersion = 10.0.40219.1
Project("{FAE04EC0-301F-11D3-BF4B-00C04F79EFBC}") = "ConsoleApp1", "ConsoleApp1\ConsoleApp1.csproj", "{43656F43-A729-4372-AB51-6979526D1EEF}"
EndProject
Global
	GlobalSection(SolutionConfigurationPlatforms) = preSolution
		Debug|Any CPU = Debug|Any CPU
		Release|Any CPU = Release|Any CPU
	EndGlobalSection
	GlobalSection(ProjectConfigurationPlatforms) = postSolution
		{43656F43-A729-4372-AB51-6979526D1EEF}.Debug|Any CPU.ActiveCfg = Debug|Any CPU
		{43656F43-A729-4372-AB51-6979526D1EEF}.Debug|Any CPU.Build.0 = Debug|Any CPU
		{43656F43-A729-4372-AB51-6979526D1EEF}.Release|Any CPU.ActiveCfg = Release|Any CPU
		{43656F43-A729-4372-AB51-6979526D1EEF}.Release|Any CPU.Build.0 = Release|Any CPU
	EndGlobalSection
	GlobalSection(SolutionProperties) = preSolution
		HideSolutionNode = FALSE
	EndGlobalSection
	GlobalSection(ExtensibilityGlobals) = postSolution
		SolutionGuid = {24C39B01-FBE9-4E48-9D1B-A410421AEEED}
	EndGlobalSection
EndGlobal
